
Microsoft Visual Studio Solution File, Format Version 12.00
# Visual Studio Version 16
VisualStudioVersion = 16.0.30002.166
MinimumVisualStudioVersion = 10.0.40219.1
Project("{FAE04EC0-301F-11D3-BF4B-00C04F79EFBC}") = "PropertyListView", "PropertyListView\PropertyListView.csproj", "{17CC53DD-39F7-4109-B817-C9C52F601012}"
EndProject
Project("{2150E333-8FDC-42A3-9474-1A3956D46DE8}") = "Solution Items", "Solution Items", "{FE54CC63-B07E-4703-BECD-F56AAA68D95B}"
	ProjectSection(SolutionItems) = preProject
		.editorconfig = .editorconfig
	EndProjectSection
EndProject
Project("{FAE04EC0-301F-11D3-BF4B-00C04F79EFBC}") = "PropertyListViewFormTest", "PropertyListViewFormTest\PropertyListViewFormTest.csproj", "{1DEB70A4-6D77-4046-9DD4-540760322353}"
EndProject
Project("{FAE04EC0-301F-11D3-BF4B-00C04F79EFBC}") = "PropertyListViewTests", "PropertyListViewTests\PropertyListViewTests.csproj", "{E37D87C0-2359-4144-9EA3-FF5A6492F1BC}"
EndProject
Global
	GlobalSection(SolutionConfigurationPlatforms) = preSolution
		Debug|Any CPU = Debug|Any CPU
		Release|Any CPU = Release|Any CPU
	EndGlobalSection
	GlobalSection(ProjectConfigurationPlatforms) = postSolution
		{17CC53DD-39F7-4109-B817-C9C52F601012}.Debug|Any CPU.ActiveCfg = Debug|Any CPU
		{17CC53DD-39F7-4109-B817-C9C52F601012}.Debug|Any CPU.Build.0 = Debug|Any CPU
		{17CC53DD-39F7-4109-B817-C9C52F601012}.Release|Any CPU.ActiveCfg = Release|Any CPU
		{17CC53DD-39F7-4109-B817-C9C52F601012}.Release|Any CPU.Build.0 = Release|Any CPU
		{1DEB70A4-6D77-4046-9DD4-540760322353}.Debug|Any CPU.ActiveCfg = Debug|Any CPU
		{1DEB70A4-6D77-4046-9DD4-540760322353}.Debug|Any CPU.Build.0 = Debug|Any CPU
		{1DEB70A4-6D77-4046-9DD4-540760322353}.Release|Any CPU.ActiveCfg = Release|Any CPU
		{1DEB70A4-6D77-4046-9DD4-540760322353}.Release|Any CPU.Build.0 = Release|Any CPU
		{E37D87C0-2359-4144-9EA3-FF5A6492F1BC}.Debug|Any CPU.ActiveCfg = Debug|Any CPU
		{E37D87C0-2359-4144-9EA3-FF5A6492F1BC}.Debug|Any CPU.Build.0 = Debug|Any CPU
		{E37D87C0-2359-4144-9EA3-FF5A6492F1BC}.Release|Any CPU.ActiveCfg = Release|Any CPU
		{E37D87C0-2359-4144-9EA3-FF5A6492F1BC}.Release|Any CPU.Build.0 = Release|Any CPU
	EndGlobalSection
	GlobalSection(SolutionProperties) = preSolution
		HideSolutionNode = FALSE
	EndGlobalSection
	GlobalSection(ExtensibilityGlobals) = postSolution
		SolutionGuid = {AA541C21-3988-49AB-B952-D4F9CCE971C9}
	EndGlobalSection
EndGlobal
